
Microsoft Visual Studio Solution File, Format Version 12.00
# Visual Studio Version 17
VisualStudioVersion = 17.11.35222.181
MinimumVisualStudioVersion = 10.0.40219.1
Project("{9A19103F-16F7-4668-BE54-9A1E7A4F7556}") = "StrategyAndDI", "StrategyAndDI\StrategyAndDI.csproj", "{82A5D6CE-F7BF-4344-A5F3-E8BED0633D85}"
EndProject
Project("{9A19103F-16F7-4668-BE54-9A1E7A4F7556}") = "MVC", "MVC\MVC.csproj", "{10EDB3AE-9803-4217-B06E-347352FA562E}"
EndProject
Project("{9A19103F-16F7-4668-BE54-9A1E7A4F7556}") = "Factory", "Factory\Factory.csproj", "{341AC44B-F310-4876-8A12-828F6C2DCDDE}"
EndProject
Project("{9A19103F-16F7-4668-BE54-9A1E7A4F7556}") = "Singleton", "Singleton\Singleton.csproj", "{E615492C-8DED-4B60-ADB9-AB1C1D600F7D}"
EndProject
Project("{FAE04EC0-301F-11D3-BF4B-00C04F79EFBC}") = "MVVM", "WpfApp1\MVVM.csproj", "{BF59B2AB-A4E9-4E05-AC1F-7EF6C035A05B}"
EndProject
Project("{FAE04EC0-301F-11D3-BF4B-00C04F79EFBC}") = "Testcode", "Testcode\Testcode.csproj", "{89B72392-2B9C-46DF-B54C-9D93689C8019}"
EndProject
Project("{FAE04EC0-301F-11D3-BF4B-00C04F79EFBC}") = "StateQueuePattern", "StateQueuePattern\StateQueuePattern.csproj", "{7A436595-C82D-438D-B252-6B16C7518B38}"
EndProject
Project("{FAE04EC0-301F-11D3-BF4B-00C04F79EFBC}") = "헤드퍼스트_1장_전략패턴", "헤드퍼스트_1장_전략패턴\헤드퍼스트_1장_전략패턴.csproj", "{D49B0B47-8540-477A-A8A9-094E058A6DFA}"
EndProject
Project("{FAE04EC0-301F-11D3-BF4B-00C04F79EFBC}") = "헤드퍼스트_2장_옵저버패턴", "헤드퍼스트_2장_옵저버패턴\헤드퍼스트_2장_옵저버패턴.csproj", "{08D76A69-077A-4DD4-B9E6-623A280BEC32}"
EndProject
Project("{FAE04EC0-301F-11D3-BF4B-00C04F79EFBC}") = "헤드퍼스트_3장_데코레이터패턴", "헤드퍼스트_3장_데코레이터패턴\헤드퍼스트_3장_데코레이터패턴.csproj", "{CDA2BE88-41E2-411E-BE59-5F8D50D4E976}"
EndProject
Project("{FAE04EC0-301F-11D3-BF4B-00C04F79EFBC}") = "헤드퍼스트_4장_팩토리패턴", "헤드퍼스트_4장_팩토리패턴\헤드퍼스트_4장_팩토리패턴.csproj", "{E85C82BF-7D9D-44F0-BF45-4772AB92EBAE}"
EndProject
Project("{FAE04EC0-301F-11D3-BF4B-00C04F79EFBC}") = "헤드퍼스트_5장_싱글턴패턴", "헤드퍼스트_5장_싱글턴패턴\헤드퍼스트_5장_싱글턴패턴.csproj", "{39324BCB-EBD0-4BE1-8495-D1E4E157430E}"
EndProject
Project("{FAE04EC0-301F-11D3-BF4B-00C04F79EFBC}") = "헤드퍼스트_6장_커맨드패턴", "헤드퍼스트_6장_커맨드패턴\헤드퍼스트_6장_커맨드패턴.csproj", "{C6443C85-A52B-4A33-AC9B-F302909DEAFC}"
EndProject
Global
	GlobalSection(SolutionConfigurationPlatforms) = preSolution
		Debug|Any CPU = Debug|Any CPU
		Release|Any CPU = Release|Any CPU
	EndGlobalSection
	GlobalSection(ProjectConfigurationPlatforms) = postSolution
		{82A5D6CE-F7BF-4344-A5F3-E8BED0633D85}.Debug|Any CPU.ActiveCfg = Debug|Any CPU
		{82A5D6CE-F7BF-4344-A5F3-E8BED0633D85}.Debug|Any CPU.Build.0 = Debug|Any CPU
		{82A5D6CE-F7BF-4344-A5F3-E8BED0633D85}.Release|Any CPU.ActiveCfg = Release|Any CPU
		{82A5D6CE-F7BF-4344-A5F3-E8BED0633D85}.Release|Any CPU.Build.0 = Release|Any CPU
		{10EDB3AE-9803-4217-B06E-347352FA562E}.Debug|Any CPU.ActiveCfg = Debug|Any CPU
		{10EDB3AE-9803-4217-B06E-347352FA562E}.Debug|Any CPU.Build.0 = Debug|Any CPU
		{10EDB3AE-9803-4217-B06E-347352FA562E}.Release|Any CPU.ActiveCfg = Release|Any CPU
		{10EDB3AE-9803-4217-B06E-347352FA562E}.Release|Any CPU.Build.0 = Release|Any CPU
		{341AC44B-F310-4876-8A12-828F6C2DCDDE}.Debug|Any CPU.ActiveCfg = Debug|Any CPU
		{341AC44B-F310-4876-8A12-828F6C2DCDDE}.Debug|Any CPU.Build.0 = Debug|Any CPU
		{341AC44B-F310-4876-8A12-828F6C2DCDDE}.Release|Any CPU.ActiveCfg = Release|Any CPU
		{341AC44B-F310-4876-8A12-828F6C2DCDDE}.Release|Any CPU.Build.0 = Release|Any CPU
		{E615492C-8DED-4B60-ADB9-AB1C1D600F7D}.Debug|Any CPU.ActiveCfg = Debug|Any CPU
		{E615492C-8DED-4B60-ADB9-AB1C1D600F7D}.Debug|Any CPU.Build.0 = Debug|Any CPU
		{E615492C-8DED-4B60-ADB9-AB1C1D600F7D}.Release|Any CPU.ActiveCfg = Release|Any CPU
		{E615492C-8DED-4B60-ADB9-AB1C1D600F7D}.Release|Any CPU.Build.0 = Release|Any CPU
		{BF59B2AB-A4E9-4E05-AC1F-7EF6C035A05B}.Debug|Any CPU.ActiveCfg = Debug|Any CPU
		{BF59B2AB-A4E9-4E05-AC1F-7EF6C035A05B}.Debug|Any CPU.Build.0 = Debug|Any CPU
		{BF59B2AB-A4E9-4E05-AC1F-7EF6C035A05B}.Release|Any CPU.ActiveCfg = Release|Any CPU
		{BF59B2AB-A4E9-4E05-AC1F-7EF6C035A05B}.Release|Any CPU.Build.0 = Release|Any CPU
		{89B72392-2B9C-46DF-B54C-9D93689C8019}.Debug|Any CPU.ActiveCfg = Debug|Any CPU
		{89B72392-2B9C-46DF-B54C-9D93689C8019}.Debug|Any CPU.Build.0 = Debug|Any CPU
		{89B72392-2B9C-46DF-B54C-9D93689C8019}.Release|Any CPU.ActiveCfg = Release|Any CPU
		{89B72392-2B9C-46DF-B54C-9D93689C8019}.Release|Any CPU.Build.0 = Release|Any CPU
		{7A436595-C82D-438D-B252-6B16C7518B38}.Debug|Any CPU.ActiveCfg = Debug|Any CPU
		{7A436595-C82D-438D-B252-6B16C7518B38}.Debug|Any CPU.Build.0 = Debug|Any CPU
		{7A436595-C82D-438D-B252-6B16C7518B38}.Release|Any CPU.ActiveCfg = Release|Any CPU
		{7A436595-C82D-438D-B252-6B16C7518B38}.Release|Any CPU.Build.0 = Release|Any CPU
		{D49B0B47-8540-477A-A8A9-094E058A6DFA}.Debug|Any CPU.ActiveCfg = Debug|Any CPU
		{D49B0B47-8540-477A-A8A9-094E058A6DFA}.Debug|Any CPU.Build.0 = Debug|Any CPU
		{D49B0B47-8540-477A-A8A9-094E058A6DFA}.Release|Any CPU.ActiveCfg = Release|Any CPU
		{D49B0B47-8540-477A-A8A9-094E058A6DFA}.Release|Any CPU.Build.0 = Release|Any CPU
		{08D76A69-077A-4DD4-B9E6-623A280BEC32}.Debug|Any CPU.ActiveCfg = Debug|Any CPU
		{08D76A69-077A-4DD4-B9E6-623A280BEC32}.Debug|Any CPU.Build.0 = Debug|Any CPU
		{08D76A69-077A-4DD4-B9E6-623A280BEC32}.Release|Any CPU.ActiveCfg = Release|Any CPU
		{08D76A69-077A-4DD4-B9E6-623A280BEC32}.Release|Any CPU.Build.0 = Release|Any CPU
		{CDA2BE88-41E2-411E-BE59-5F8D50D4E976}.Debug|Any CPU.ActiveCfg = Debug|Any CPU
		{CDA2BE88-41E2-411E-BE59-5F8D50D4E976}.Debug|Any CPU.Build.0 = Debug|Any CPU
		{CDA2BE88-41E2-411E-BE59-5F8D50D4E976}.Release|Any CPU.ActiveCfg = Release|Any CPU
		{CDA2BE88-41E2-411E-BE59-5F8D50D4E976}.Release|Any CPU.Build.0 = Release|Any CPU
		{E85C82BF-7D9D-44F0-BF45-4772AB92EBAE}.Debug|Any CPU.ActiveCfg = Debug|Any CPU
		{E85C82BF-7D9D-44F0-BF45-4772AB92EBAE}.Debug|Any CPU.Build.0 = Debug|Any CPU
		{E85C82BF-7D9D-44F0-BF45-4772AB92EBAE}.Release|Any CPU.ActiveCfg = Release|Any CPU
		{E85C82BF-7D9D-44F0-BF45-4772AB92EBAE}.Release|Any CPU.Build.0 = Release|Any CPU
		{39324BCB-EBD0-4BE1-8495-D1E4E157430E}.Debug|Any CPU.ActiveCfg = Debug|Any CPU
		{39324BCB-EBD0-4BE1-8495-D1E4E157430E}.Debug|Any CPU.Build.0 = Debug|Any CPU
		{39324BCB-EBD0-4BE1-8495-D1E4E157430E}.Release|Any CPU.ActiveCfg = Release|Any CPU
		{39324BCB-EBD0-4BE1-8495-D1E4E157430E}.Release|Any CPU.Build.0 = Release|Any CPU
		{C6443C85-A52B-4A33-AC9B-F302909DEAFC}.Debug|Any CPU.ActiveCfg = Debug|Any CPU
		{C6443C85-A52B-4A33-AC9B-F302909DEAFC}.Debug|Any CPU.Build.0 = Debug|Any CPU
		{C6443C85-A52B-4A33-AC9B-F302909DEAFC}.Release|Any CPU.ActiveCfg = Release|Any CPU
		{C6443C85-A52B-4A33-AC9B-F302909DEAFC}.Release|Any CPU.Build.0 = Release|Any CPU
	EndGlobalSection
	GlobalSection(SolutionProperties) = preSolution
		HideSolutionNode = FALSE
	EndGlobalSection
	GlobalSection(ExtensibilityGlobals) = postSolution
		SolutionGuid = {E15E2FCA-4559-4A2E-8895-2E72645961FB}
	EndGlobalSection
EndGlobal
